
Microsoft Visual Studio Solution File, Format Version 12.00
# Visual Studio Version 16
VisualStudioVersion = 16.0.30128.74
MinimumVisualStudioVersion = 10.0.40219.1
Project("{9092AA53-FB77-4645-B42D-1CCCA6BD08BD}") = "PersonalPortfolio", "PersonalPortfolio.njsproj", "{F2BF074C-07DC-4AA8-A29B-B9C7FF345B27}"
EndProject
Global
	GlobalSection(SolutionConfigurationPlatforms) = preSolution
		Debug|Any CPU = Debug|Any CPU
		Release|Any CPU = Release|Any CPU
	EndGlobalSection
	GlobalSection(ProjectConfigurationPlatforms) = postSolution
		{F2BF074C-07DC-4AA8-A29B-B9C7FF345B27}.Debug|Any CPU.ActiveCfg = Debug|Any CPU
		{F2BF074C-07DC-4AA8-A29B-B9C7FF345B27}.Debug|Any CPU.Build.0 = Debug|Any CPU
		{F2BF074C-07DC-4AA8-A29B-B9C7FF345B27}.Release|Any CPU.ActiveCfg = Release|Any CPU
		{F2BF074C-07DC-4AA8-A29B-B9C7FF345B27}.Release|Any CPU.Build.0 = Release|Any CPU
	EndGlobalSection
	GlobalSection(SolutionProperties) = preSolution
		HideSolutionNode = FALSE
	EndGlobalSection
	GlobalSection(ExtensibilityGlobals) = postSolution
		SolutionGuid = {3F2B7E16-5625-49E0-A79E-1E3ACF2506DA}
	EndGlobalSection
EndGlobal
